// !$*UTF8*$!
{
	archiveVersion = 1;
	classes = {
	};
	objectVersion = 46;
	objects = {

/* Begin PBXBuildFile section */
		25E2E9BF02C94BFB3F015D87 /* Pods_IOSlogin2UITests.framework in Frameworks */ = {isa = PBXBuildFile; fileRef = FD8EA1E218310537F0C6FC9E /* Pods_IOSlogin2UITests.framework */; };
		2E39AC2D48690FE0077F314D /* Pods_IOSlogin2.framework in Frameworks */ = {isa = PBXBuildFile; fileRef = AF8645DE83A5E8A99C93D39C /* Pods_IOSlogin2.framework */; };
		6EF691E51EA89F1B000221C3 /* AppDelegate.swift in Sources */ = {isa = PBXBuildFile; fileRef = 6EF691E41EA89F1B000221C3 /* AppDelegate.swift */; };
		6EF691E71EA89F1B000221C3 /* ViewController.swift in Sources */ = {isa = PBXBuildFile; fileRef = 6EF691E61EA89F1B000221C3 /* ViewController.swift */; };
		6EF691EA1EA89F1B000221C3 /* Main.storyboard in Resources */ = {isa = PBXBuildFile; fileRef = 6EF691E81EA89F1B000221C3 /* Main.storyboard */; };
		6EF691EC1EA89F1B000221C3 /* Assets.xcassets in Resources */ = {isa = PBXBuildFile; fileRef = 6EF691EB1EA89F1B000221C3 /* Assets.xcassets */; };
		6EF691EF1EA89F1B000221C3 /* LaunchScreen.storyboard in Resources */ = {isa = PBXBuildFile; fileRef = 6EF691ED1EA89F1B000221C3 /* LaunchScreen.storyboard */; };
		6EF691FA1EA89F1B000221C3 /* IOSlogin2Tests.swift in Sources */ = {isa = PBXBuildFile; fileRef = 6EF691F91EA89F1B000221C3 /* IOSlogin2Tests.swift */; };
		6EF692051EA89F1B000221C3 /* IOSlogin2UITests.swift in Sources */ = {isa = PBXBuildFile; fileRef = 6EF692041EA89F1B000221C3 /* IOSlogin2UITests.swift */; };
		ADA37148A9DA0EF960173F81 /* Pods_IOSlogin2Tests.framework in Frameworks */ = {isa = PBXBuildFile; fileRef = 7A96415B65EB391E0B674855 /* Pods_IOSlogin2Tests.framework */; };
/* End PBXBuildFile section */

/* Begin PBXContainerItemProxy section */
		6EF691F61EA89F1B000221C3 /* PBXContainerItemProxy */ = {
			isa = PBXContainerItemProxy;
			containerPortal = 6EF691D91EA89F1B000221C3 /* Project object */;
			proxyType = 1;
			remoteGlobalIDString = 6EF691E01EA89F1B000221C3;
			remoteInfo = IOSlogin2;
		};
		6EF692011EA89F1B000221C3 /* PBXContainerItemProxy */ = {
			isa = PBXContainerItemProxy;
			containerPortal = 6EF691D91EA89F1B000221C3 /* Project object */;
			proxyType = 1;
			remoteGlobalIDString = 6EF691E01EA89F1B000221C3;
			remoteInfo = IOSlogin2;
		};
/* End PBXContainerItemProxy section */

/* Begin PBXFileReference section */
		1590E9CF09E1B79C39AE9921 /* Pods-IOSlogin2UITests.release.xcconfig */ = {isa = PBXFileReference; includeInIndex = 1; lastKnownFileType = text.xcconfig; name = "Pods-IOSlogin2UITests.release.xcconfig"; path = "Pods/Target Support Files/Pods-IOSlogin2UITests/Pods-IOSlogin2UITests.release.xcconfig"; sourceTree = "<group>"; };
		6B28F01360D8CF6D91EA08FA /* Pods-IOSlogin2.release.xcconfig */ = {isa = PBXFileReference; includeInIndex = 1; lastKnownFileType = text.xcconfig; name = "Pods-IOSlogin2.release.xcconfig"; path = "Pods/Target Support Files/Pods-IOSlogin2/Pods-IOSlogin2.release.xcconfig"; sourceTree = "<group>"; };
		6EF691E11EA89F1B000221C3 /* IOSlogin2.app */ = {isa = PBXFileReference; explicitFileType = wrapper.application; includeInIndex = 0; path = IOSlogin2.app; sourceTree = BUILT_PRODUCTS_DIR; };
		6EF691E41EA89F1B000221C3 /* AppDelegate.swift */ = {isa = PBXFileReference; lastKnownFileType = sourcecode.swift; path = AppDelegate.swift; sourceTree = "<group>"; };
		6EF691E61EA89F1B000221C3 /* ViewController.swift */ = {isa = PBXFileReference; lastKnownFileType = sourcecode.swift; path = ViewController.swift; sourceTree = "<group>"; };
		6EF691E91EA89F1B000221C3 /* Base */ = {isa = PBXFileReference; lastKnownFileType = file.storyboard; name = Base; path = Base.lproj/Main.storyboard; sourceTree = "<group>"; };
		6EF691EB1EA89F1B000221C3 /* Assets.xcassets */ = {isa = PBXFileReference; lastKnownFileType = folder.assetcatalog; path = Assets.xcassets; sourceTree = "<group>"; };
		6EF691EE1EA89F1B000221C3 /* Base */ = {isa = PBXFileReference; lastKnownFileType = file.storyboard; name = Base; path = Base.lproj/LaunchScreen.storyboard; sourceTree = "<group>"; };
		6EF691F01EA89F1B000221C3 /* Info.plist */ = {isa = PBXFileReference; lastKnownFileType = text.plist.xml; path = Info.plist; sourceTree = "<group>"; };
		6EF691F51EA89F1B000221C3 /* IOSlogin2Tests.xctest */ = {isa = PBXFileReference; explicitFileType = wrapper.cfbundle; includeInIndex = 0; path = IOSlogin2Tests.xctest; sourceTree = BUILT_PRODUCTS_DIR; };
		6EF691F91EA89F1B000221C3 /* IOSlogin2Tests.swift */ = {isa = PBXFileReference; lastKnownFileType = sourcecode.swift; path = IOSlogin2Tests.swift; sourceTree = "<group>"; };
		6EF691FB1EA89F1B000221C3 /* Info.plist */ = {isa = PBXFileReference; lastKnownFileType = text.plist.xml; path = Info.plist; sourceTree = "<group>"; };
		6EF692001EA89F1B000221C3 /* IOSlogin2UITests.xctest */ = {isa = PBXFileReference; explicitFileType = wrapper.cfbundle; includeInIndex = 0; path = IOSlogin2UITests.xctest; sourceTree = BUILT_PRODUCTS_DIR; };
		6EF692041EA89F1B000221C3 /* IOSlogin2UITests.swift */ = {isa = PBXFileReference; lastKnownFileType = sourcecode.swift; path = IOSlogin2UITests.swift; sourceTree = "<group>"; };
		6EF692061EA89F1B000221C3 /* Info.plist */ = {isa = PBXFileReference; lastKnownFileType = text.plist.xml; path = Info.plist; sourceTree = "<group>"; };
		7A96415B65EB391E0B674855 /* Pods_IOSlogin2Tests.framework */ = {isa = PBXFileReference; explicitFileType = wrapper.framework; includeInIndex = 0; path = Pods_IOSlogin2Tests.framework; sourceTree = BUILT_PRODUCTS_DIR; };
		A0A6751829A17CBD680D491E /* Pods-IOSlogin2Tests.release.xcconfig */ = {isa = PBXFileReference; includeInIndex = 1; lastKnownFileType = text.xcconfig; name = "Pods-IOSlogin2Tests.release.xcconfig"; path = "Pods/Target Support Files/Pods-IOSlogin2Tests/Pods-IOSlogin2Tests.release.xcconfig"; sourceTree = "<group>"; };
		A0DAC10D13F52D05BB5414ED /* Pods-IOSlogin2.debug.xcconfig */ = {isa = PBXFileReference; includeInIndex = 1; lastKnownFileType = text.xcconfig; name = "Pods-IOSlogin2.debug.xcconfig"; path = "Pods/Target Support Files/Pods-IOSlogin2/Pods-IOSlogin2.debug.xcconfig"; sourceTree = "<group>"; };
		AF8645DE83A5E8A99C93D39C /* Pods_IOSlogin2.framework */ = {isa = PBXFileReference; explicitFileType = wrapper.framework; includeInIndex = 0; path = Pods_IOSlogin2.framework; sourceTree = BUILT_PRODUCTS_DIR; };
		C625B2A514847A86F35C878B /* Pods-IOSlogin2Tests.debug.xcconfig */ = {isa = PBXFileReference; includeInIndex = 1; lastKnownFileType = text.xcconfig; name = "Pods-IOSlogin2Tests.debug.xcconfig"; path = "Pods/Target Support Files/Pods-IOSlogin2Tests/Pods-IOSlogin2Tests.debug.xcconfig"; sourceTree = "<group>"; };
		E257A654B536936036C055E9 /* Pods-IOSlogin2UITests.debug.xcconfig */ = {isa = PBXFileReference; includeInIndex = 1; lastKnownFileType = text.xcconfig; name = "Pods-IOSlogin2UITests.debug.xcconfig"; path = "Pods/Target Support Files/Pods-IOSlogin2UITests/Pods-IOSlogin2UITests.debug.xcconfig"; sourceTree = "<group>"; };
		FD8EA1E218310537F0C6FC9E /* Pods_IOSlogin2UITests.framework */ = {isa = PBXFileReference; explicitFileType = wrapper.framework; includeInIndex = 0; path = Pods_IOSlogin2UITests.framework; sourceTree = BUILT_PRODUCTS_DIR; };
/* End PBXFileReference section */

/* Begin PBXFrameworksBuildPhase section */
		6EF691DE1EA89F1B000221C3 /* Frameworks */ = {
			isa = PBXFrameworksBuildPhase;
			buildActionMask = 2147483647;
			files = (
				2E39AC2D48690FE0077F314D /* Pods_IOSlogin2.framework in Frameworks */,
			);
			runOnlyForDeploymentPostprocessing = 0;
		};
		6EF691F21EA89F1B000221C3 /* Frameworks */ = {
			isa = PBXFrameworksBuildPhase;
			buildActionMask = 2147483647;
			files = (
				ADA37148A9DA0EF960173F81 /* Pods_IOSlogin2Tests.framework in Frameworks */,
			);
			runOnlyForDeploymentPostprocessing = 0;
		};
		6EF691FD1EA89F1B000221C3 /* Frameworks */ = {
			isa = PBXFrameworksBuildPhase;
			buildActionMask = 2147483647;
			files = (
				25E2E9BF02C94BFB3F015D87 /* Pods_IOSlogin2UITests.framework in Frameworks */,
			);
			runOnlyForDeploymentPostprocessing = 0;
		};
/* End PBXFrameworksBuildPhase section */

/* Begin PBXGroup section */
		6EF691D81EA89F1B000221C3 = {
			isa = PBXGroup;
			children = (
				6EF691E31EA89F1B000221C3 /* IOSlogin2 */,
				6EF691F81EA89F1B000221C3 /* IOSlogin2Tests */,
				6EF692031EA89F1B000221C3 /* IOSlogin2UITests */,
				6EF691E21EA89F1B000221C3 /* Products */,
				B813B2655C17371CE0651681 /* Pods */,
				D660E5F0E3CAE6AFF1D1491A /* Frameworks */,
			);
			sourceTree = "<group>";
		};
		6EF691E21EA89F1B000221C3 /* Products */ = {
			isa = PBXGroup;
			children = (
				6EF691E11EA89F1B000221C3 /* IOSlogin2.app */,
				6EF691F51EA89F1B000221C3 /* IOSlogin2Tests.xctest */,
				6EF692001EA89F1B000221C3 /* IOSlogin2UITests.xctest */,
			);
			name = Products;
			sourceTree = "<group>";
		};
		6EF691E31EA89F1B000221C3 /* IOSlogin2 */ = {
			isa = PBXGroup;
			children = (
				6EF691E41EA89F1B000221C3 /* AppDelegate.swift */,
				6EF691E61EA89F1B000221C3 /* ViewController.swift */,
				6EF691E81EA89F1B000221C3 /* Main.storyboard */,
				6EF691EB1EA89F1B000221C3 /* Assets.xcassets */,
				6EF691ED1EA89F1B000221C3 /* LaunchScreen.storyboard */,
				6EF691F01EA89F1B000221C3 /* Info.plist */,
			);
			path = IOSlogin2;
			sourceTree = "<group>";
		};
		6EF691F81EA89F1B000221C3 /* IOSlogin2Tests */ = {
			isa = PBXGroup;
			children = (
				6EF691F91EA89F1B000221C3 /* IOSlogin2Tests.swift */,
				6EF691FB1EA89F1B000221C3 /* Info.plist */,
			);
			path = IOSlogin2Tests;
			sourceTree = "<group>";
		};
		6EF692031EA89F1B000221C3 /* IOSlogin2UITests */ = {
			isa = PBXGroup;
			children = (
				6EF692041EA89F1B000221C3 /* IOSlogin2UITests.swift */,
				6EF692061EA89F1B000221C3 /* Info.plist */,
			);
			path = IOSlogin2UITests;
			sourceTree = "<group>";
		};
		B813B2655C17371CE0651681 /* Pods */ = {
			isa = PBXGroup;
			children = (
				A0DAC10D13F52D05BB5414ED /* Pods-IOSlogin2.debug.xcconfig */,
				6B28F01360D8CF6D91EA08FA /* Pods-IOSlogin2.release.xcconfig */,
				C625B2A514847A86F35C878B /* Pods-IOSlogin2Tests.debug.xcconfig */,
				A0A6751829A17CBD680D491E /* Pods-IOSlogin2Tests.release.xcconfig */,
				E257A654B536936036C055E9 /* Pods-IOSlogin2UITests.debug.xcconfig */,
				1590E9CF09E1B79C39AE9921 /* Pods-IOSlogin2UITests.release.xcconfig */,
			);
			name = Pods;
			sourceTree = "<group>";
		};
		D660E5F0E3CAE6AFF1D1491A /* Frameworks */ = {
			isa = PBXGroup;
			children = (
				AF8645DE83A5E8A99C93D39C /* Pods_IOSlogin2.framework */,
				7A96415B65EB391E0B674855 /* Pods_IOSlogin2Tests.framework */,
				FD8EA1E218310537F0C6FC9E /* Pods_IOSlogin2UITests.framework */,
			);
			name = Frameworks;
			sourceTree = "<group>";
		};
/* End PBXGroup section */

/* Begin PBXNativeTarget section */
		6EF691E01EA89F1B000221C3 /* IOSlogin2 */ = {
			isa = PBXNativeTarget;
			buildConfigurationList = 6EF692091EA89F1B000221C3 /* Build configuration list for PBXNativeTarget "IOSlogin2" */;
			buildPhases = (
				A23058B199AE251D3FBB9C9E /* [CP] Check Pods Manifest.lock */,
				6EF691DD1EA89F1B000221C3 /* Sources */,
				6EF691DE1EA89F1B000221C3 /* Frameworks */,
				6EF691DF1EA89F1B000221C3 /* Resources */,
				E7F5191BDA4789B5E037F7DA /* [CP] Embed Pods Frameworks */,
				C44648AF23C050B28629E484 /* [CP] Copy Pods Resources */,
			);
			buildRules = (
			);
			dependencies = (
			);
			name = IOSlogin2;
			productName = IOSlogin2;
			productReference = 6EF691E11EA89F1B000221C3 /* IOSlogin2.app */;
			productType = "com.apple.product-type.application";
		};
		6EF691F41EA89F1B000221C3 /* IOSlogin2Tests */ = {
			isa = PBXNativeTarget;
			buildConfigurationList = 6EF6920C1EA89F1B000221C3 /* Build configuration list for PBXNativeTarget "IOSlogin2Tests" */;
			buildPhases = (
				5C83061243A6D3F3C47A43BB /* [CP] Check Pods Manifest.lock */,
				6EF691F11EA89F1B000221C3 /* Sources */,
				6EF691F21EA89F1B000221C3 /* Frameworks */,
				6EF691F31EA89F1B000221C3 /* Resources */,
				55FFD61954952E5BC328DDDD /* [CP] Embed Pods Frameworks */,
				91EDC8526F05FAB32578EB18 /* [CP] Copy Pods Resources */,
			);
			buildRules = (
			);
			dependencies = (
				6EF691F71EA89F1B000221C3 /* PBXTargetDependency */,
			);
			name = IOSlogin2Tests;
			productName = IOSlogin2Tests;
			productReference = 6EF691F51EA89F1B000221C3 /* IOSlogin2Tests.xctest */;
			productType = "com.apple.product-type.bundle.unit-test";
		};
		6EF691FF1EA89F1B000221C3 /* IOSlogin2UITests */ = {
			isa = PBXNativeTarget;
			buildConfigurationList = 6EF6920F1EA89F1B000221C3 /* Build configuration list for PBXNativeTarget "IOSlogin2UITests" */;
			buildPhases = (
				4FC4BA95792F2929FD66CF15 /* [CP] Check Pods Manifest.lock */,
				6EF691FC1EA89F1B000221C3 /* Sources */,
				6EF691FD1EA89F1B000221C3 /* Frameworks */,
				6EF691FE1EA89F1B000221C3 /* Resources */,
				8A64A4A9A03395B6780B02FF /* [CP] Embed Pods Frameworks */,
				30F5810F2B61F30ED57537C6 /* [CP] Copy Pods Resources */,
			);
			buildRules = (
			);
			dependencies = (
				6EF692021EA89F1B000221C3 /* PBXTargetDependency */,
			);
			name = IOSlogin2UITests;
			productName = IOSlogin2UITests;
			productReference = 6EF692001EA89F1B000221C3 /* IOSlogin2UITests.xctest */;
			productType = "com.apple.product-type.bundle.ui-testing";
		};
/* End PBXNativeTarget section */

/* Begin PBXProject section */
		6EF691D91EA89F1B000221C3 /* Project object */ = {
			isa = PBXProject;
			attributes = {
				LastSwiftUpdateCheck = 0820;
				LastUpgradeCheck = 0820;
				ORGANIZATIONNAME = "Jorge Pachón Sánchez";
				TargetAttributes = {
					6EF691E01EA89F1B000221C3 = {
						CreatedOnToolsVersion = 8.2.1;
						DevelopmentTeam = T8CQ5BHLU4;
						ProvisioningStyle = Automatic;
					};
					6EF691F41EA89F1B000221C3 = {
						CreatedOnToolsVersion = 8.2.1;
						DevelopmentTeam = T8CQ5BHLU4;
						ProvisioningStyle = Automatic;
						TestTargetID = 6EF691E01EA89F1B000221C3;
					};
					6EF691FF1EA89F1B000221C3 = {
						CreatedOnToolsVersion = 8.2.1;
						DevelopmentTeam = T8CQ5BHLU4;
						ProvisioningStyle = Automatic;
						TestTargetID = 6EF691E01EA89F1B000221C3;
					};
				};
			};
			buildConfigurationList = 6EF691DC1EA89F1B000221C3 /* Build configuration list for PBXProject "IOSlogin2" */;
			compatibilityVersion = "Xcode 3.2";
			developmentRegion = English;
			hasScannedForEncodings = 0;
			knownRegions = (
				en,
				Base,
			);
			mainGroup = 6EF691D81EA89F1B000221C3;
			productRefGroup = 6EF691E21EA89F1B000221C3 /* Products */;
			projectDirPath = "";
			projectRoot = "";
			targets = (
				6EF691E01EA89F1B000221C3 /* IOSlogin2 */,
				6EF691F41EA89F1B000221C3 /* IOSlogin2Tests */,
				6EF691FF1EA89F1B000221C3 /* IOSlogin2UITests */,
			);
		};
/* End PBXProject section */

/* Begin PBXResourcesBuildPhase section */
		6EF691DF1EA89F1B000221C3 /* Resources */ = {
			isa = PBXResourcesBuildPhase;
			buildActionMask = 2147483647;
			files = (
				6EF691EF1EA89F1B000221C3 /* LaunchScreen.storyboard in Resources */,
				6EF691EC1EA89F1B000221C3 /* Assets.xcassets in Resources */,
				6EF691EA1EA89F1B000221C3 /* Main.storyboard in Resources */,
			);
			runOnlyForDeploymentPostprocessing = 0;
		};
		6EF691F31EA89F1B000221C3 /* Resources */ = {
			isa = PBXResourcesBuildPhase;
			buildActionMask = 2147483647;
			files = (
			);
			runOnlyForDeploymentPostprocessing = 0;
		};
		6EF691FE1EA89F1B000221C3 /* Resources */ = {
			isa = PBXResourcesBuildPhase;
			buildActionMask = 2147483647;
			files = (
			);
			runOnlyForDeploymentPostprocessing = 0;
		};
/* End PBXResourcesBuildPhase section */

/* Begin PBXShellScriptBuildPhase section */
		30F5810F2B61F30ED57537C6 /* [CP] Copy Pods Resources */ = {
			isa = PBXShellScriptBuildPhase;
			buildActionMask = 2147483647;
			files = (
			);
			inputPaths = (
			);
			name = "[CP] Copy Pods Resources";
			outputPaths = (
			);
			runOnlyForDeploymentPostprocessing = 0;
			shellPath = /bin/sh;
			shellScript = "\"${SRCROOT}/Pods/Target Support Files/Pods-IOSlogin2UITests/Pods-IOSlogin2UITests-resources.sh\"\n";
			showEnvVarsInLog = 0;
		};
		4FC4BA95792F2929FD66CF15 /* [CP] Check Pods Manifest.lock */ = {
			isa = PBXShellScriptBuildPhase;
			buildActionMask = 2147483647;
			files = (
			);
			inputPaths = (
			);
			name = "[CP] Check Pods Manifest.lock";
			outputPaths = (
			);
			runOnlyForDeploymentPostprocessing = 0;
			shellPath = /bin/sh;
			shellScript = "diff \"${PODS_ROOT}/../Podfile.lock\" \"${PODS_ROOT}/Manifest.lock\" > /dev/null\nif [ $? != 0 ] ; then\n    # print error to STDERR\n    echo \"error: The sandbox is not in sync with the Podfile.lock. Run 'pod install' or update your CocoaPods installation.\" >&2\n    exit 1\nfi\n";
			showEnvVarsInLog = 0;
		};
		55FFD61954952E5BC328DDDD /* [CP] Embed Pods Frameworks */ = {
			isa = PBXShellScriptBuildPhase;
			buildActionMask = 2147483647;
			files = (
			);
			inputPaths = (
			);
			name = "[CP] Embed Pods Frameworks";
			outputPaths = (
			);
			runOnlyForDeploymentPostprocessing = 0;
			shellPath = /bin/sh;
			shellScript = "\"${SRCROOT}/Pods/Target Support Files/Pods-IOSlogin2Tests/Pods-IOSlogin2Tests-frameworks.sh\"\n";
			showEnvVarsInLog = 0;
		};
		5C83061243A6D3F3C47A43BB /* [CP] Check Pods Manifest.lock */ = {
			isa = PBXShellScriptBuildPhase;
			buildActionMask = 2147483647;
			files = (
			);
			inputPaths = (
			);
			name = "[CP] Check Pods Manifest.lock";
			outputPaths = (
			);
			runOnlyForDeploymentPostprocessing = 0;
			shellPath = /bin/sh;
			shellScript = "diff \"${PODS_ROOT}/../Podfile.lock\" \"${PODS_ROOT}/Manifest.lock\" > /dev/null\nif [ $? != 0 ] ; then\n    # print error to STDERR\n    echo \"error: The sandbox is not in sync with the Podfile.lock. Run 'pod install' or update your CocoaPods installation.\" >&2\n    exit 1\nfi\n";
			showEnvVarsInLog = 0;
		};
		8A64A4A9A03395B6780B02FF /* [CP] Embed Pods Frameworks */ = {
			isa = PBXShellScriptBuildPhase;
			buildActionMask = 2147483647;
			files = (
			);
			inputPaths = (
			);
			name = "[CP] Embed Pods Frameworks";
			outputPaths = (
			);
			runOnlyForDeploymentPostprocessing = 0;
			shellPath = /bin/sh;
			shellScript = "\"${SRCROOT}/Pods/Target Support Files/Pods-IOSlogin2UITests/Pods-IOSlogin2UITests-frameworks.sh\"\n";
			showEnvVarsInLog = 0;
		};
		91EDC8526F05FAB32578EB18 /* [CP] Copy Pods Resources */ = {
			isa = PBXShellScriptBuildPhase;
			buildActionMask = 2147483647;
			files = (
			);
			inputPaths = (
			);
			name = "[CP] Copy Pods Resources";
			outputPaths = (
			);
			runOnlyForDeploymentPostprocessing = 0;
			shellPath = /bin/sh;
			shellScript = "\"${SRCROOT}/Pods/Target Support Files/Pods-IOSlogin2Tests/Pods-IOSlogin2Tests-resources.sh\"\n";
			showEnvVarsInLog = 0;
		};
		A23058B199AE251D3FBB9C9E /* [CP] Check Pods Manifest.lock */ = {
			isa = PBXShellScriptBuildPhase;
			buildActionMask = 2147483647;
			files = (
			);
			inputPaths = (
			);
			name = "[CP] Check Pods Manifest.lock";
			outputPaths = (
			);
			runOnlyForDeploymentPostprocessing = 0;
			shellPath = /bin/sh;
			shellScript = "diff \"${PODS_ROOT}/../Podfile.lock\" \"${PODS_ROOT}/Manifest.lock\" > /dev/null\nif [ $? != 0 ] ; then\n    # print error to STDERR\n    echo \"error: The sandbox is not in sync with the Podfile.lock. Run 'pod install' or update your CocoaPods installation.\" >&2\n    exit 1\nfi\n";
			showEnvVarsInLog = 0;
		};
		C44648AF23C050B28629E484 /* [CP] Copy Pods Resources */ = {
			isa = PBXShellScriptBuildPhase;
			buildActionMask = 2147483647;
			files = (
			);
			inputPaths = (
			);
			name = "[CP] Copy Pods Resources";
			outputPaths = (
			);
			runOnlyForDeploymentPostprocessing = 0;
			shellPath = /bin/sh;
			shellScript = "\"${SRCROOT}/Pods/Target Support Files/Pods-IOSlogin2/Pods-IOSlogin2-resources.sh\"\n";
			showEnvVarsInLog = 0;
		};
		E7F5191BDA4789B5E037F7DA /* [CP] Embed Pods Frameworks */ = {
			isa = PBXShellScriptBuildPhase;
			buildActionMask = 2147483647;
			files = (
			);
			inputPaths = (
			);
			name = "[CP] Embed Pods Frameworks";
			outputPaths = (
			);
			runOnlyForDeploymentPostprocessing = 0;
			shellPath = /bin/sh;
			shellScript = "\"${SRCROOT}/Pods/Target Support Files/Pods-IOSlogin2/Pods-IOSlogin2-frameworks.sh\"\n";
			showEnvVarsInLog = 0;
		};
/* End PBXShellScriptBuildPhase section */

/* Begin PBXSourcesBuildPhase section */
		6EF691DD1EA89F1B000221C3 /* Sources */ = {
			isa = PBXSourcesBuildPhase;
			buildActionMask = 2147483647;
			files = (
				6EF691E71EA89F1B000221C3 /* ViewController.swift in Sources */,
				6EF691E51EA89F1B000221C3 /* AppDelegate.swift in Sources */,
			);
			runOnlyForDeploymentPostprocessing = 0;
		};
		6EF691F11EA89F1B000221C3 /* Sources */ = {
			isa = PBXSourcesBuildPhase;
			buildActionMask = 2147483647;
			files = (
				6EF691FA1EA89F1B000221C3 /* IOSlogin2Tests.swift in Sources */,
			);
			runOnlyForDeploymentPostprocessing = 0;
		};
		6EF691FC1EA89F1B000221C3 /* Sources */ = {
			isa = PBXSourcesBuildPhase;
			buildActionMask = 2147483647;
			files = (
				6EF692051EA89F1B000221C3 /* IOSlogin2UITests.swift in Sources */,
			);
			runOnlyForDeploymentPostprocessing = 0;
		};
/* End PBXSourcesBuildPhase section */

/* Begin PBXTargetDependency section */
		6EF691F71EA89F1B000221C3 /* PBXTargetDependency */ = {
			isa = PBXTargetDependency;
			target = 6EF691E01EA89F1B000221C3 /* IOSlogin2 */;
			targetProxy = 6EF691F61EA89F1B000221C3 /* PBXContainerItemProxy */;
		};
		6EF692021EA89F1B000221C3 /* PBXTargetDependency */ = {
			isa = PBXTargetDependency;
			target = 6EF691E01EA89F1B000221C3 /* IOSlogin2 */;
			targetProxy = 6EF692011EA89F1B000221C3 /* PBXContainerItemProxy */;
		};
/* End PBXTargetDependency section */

/* Begin PBXVariantGroup section */
		6EF691E81EA89F1B000221C3 /* Main.storyboard */ = {
			isa = PBXVariantGroup;
			children = (
				6EF691E91EA89F1B000221C3 /* Base */,
			);
			name = Main.storyboard;
			sourceTree = "<group>";
		};
		6EF691ED1EA89F1B000221C3 /* LaunchScreen.storyboard */ = {
			isa = PBXVariantGroup;
			children = (
				6EF691EE1EA89F1B000221C3 /* Base */,
			);
			name = LaunchScreen.storyboard;
			sourceTree = "<group>";
		};
/* End PBXVariantGroup section */

/* Begin XCBuildConfiguration section */
		6EF692071EA89F1B000221C3 /* Debug */ = {
			isa = XCBuildConfiguration;
			buildSettings = {
				ALWAYS_SEARCH_USER_PATHS = NO;
				CLANG_ANALYZER_NONNULL = YES;
				CLANG_CXX_LANGUAGE_STANDARD = "gnu++0x";
				CLANG_CXX_LIBRARY = "libc++";
				CLANG_ENABLE_MODULES = YES;
				CLANG_ENABLE_OBJC_ARC = YES;
				CLANG_WARN_BOOL_CONVERSION = YES;
				CLANG_WARN_CONSTANT_CONVERSION = YES;
				CLANG_WARN_DIRECT_OBJC_ISA_USAGE = YES_ERROR;
				CLANG_WARN_DOCUMENTATION_COMMENTS = YES;
				CLANG_WARN_EMPTY_BODY = YES;
				CLANG_WARN_ENUM_CONVERSION = YES;
				CLANG_WARN_INFINITE_RECURSION = YES;
				CLANG_WARN_INT_CONVERSION = YES;
				CLANG_WARN_OBJC_ROOT_CLASS = YES_ERROR;
				CLANG_WARN_SUSPICIOUS_MOVE = YES;
				CLANG_WARN_UNREACHABLE_CODE = YES;
				CLANG_WARN__DUPLICATE_METHOD_MATCH = YES;
				"CODE_SIGN_IDENTITY[sdk=iphoneos*]" = "iPhone Developer";
				COPY_PHASE_STRIP = NO;
				DEBUG_INFORMATION_FORMAT = dwarf;
				ENABLE_STRICT_OBJC_MSGSEND = YES;
				ENABLE_TESTABILITY = YES;
				GCC_C_LANGUAGE_STANDARD = gnu99;
				GCC_DYNAMIC_NO_PIC = NO;
				GCC_NO_COMMON_BLOCKS = YES;
				GCC_OPTIMIZATION_LEVEL = 0;
				GCC_PREPROCESSOR_DEFINITIONS = (
					"DEBUG=1",
					"$(inherited)",
				);
				GCC_WARN_64_TO_32_BIT_CONVERSION = YES;
				GCC_WARN_ABOUT_RETURN_TYPE = YES_ERROR;
				GCC_WARN_UNDECLARED_SELECTOR = YES;
				GCC_WARN_UNINITIALIZED_AUTOS = YES_AGGRESSIVE;
				GCC_WARN_UNUSED_FUNCTION = YES;
				GCC_WARN_UNUSED_VARIABLE = YES;
				IPHONEOS_DEPLOYMENT_TARGET = 10.2;
				MTL_ENABLE_DEBUG_INFO = YES;
				ONLY_ACTIVE_ARCH = YES;
				SDKROOT = iphoneos;
				SWIFT_ACTIVE_COMPILATION_CONDITIONS = DEBUG;
				SWIFT_OPTIMIZATION_LEVEL = "-Onone";
				TARGETED_DEVICE_FAMILY = "1,2";
			};
			name = Debug;
		};
		6EF692081EA89F1B000221C3 /* Release */ = {
			isa = XCBuildConfiguration;
			buildSettings = {
				ALWAYS_SEARCH_USER_PATHS = NO;
				CLANG_ANALYZER_NONNULL = YES;
				CLANG_CXX_LANGUAGE_STANDARD = "gnu++0x";
				CLANG_CXX_LIBRARY = "libc++";
				CLANG_ENABLE_MODULES = YES;
				CLANG_ENABLE_OBJC_ARC = YES;
				CLANG_WARN_BOOL_CONVERSION = YES;
				CLANG_WARN_CONSTANT_CONVERSION = YES;
				CLANG_WARN_DIRECT_OBJC_ISA_USAGE = YES_ERROR;
				CLANG_WARN_DOCUMENTATION_COMMENTS = YES;
				CLANG_WARN_EMPTY_BODY = YES;
				CLANG_WARN_ENUM_CONVERSION = YES;
				CLANG_WARN_INFINITE_RECURSION = YES;
				CLANG_WARN_INT_CONVERSION = YES;
				CLANG_WARN_OBJC_ROOT_CLASS = YES_ERROR;
				CLANG_WARN_SUSPICIOUS_MOVE = YES;
				CLANG_WARN_UNREACHABLE_CODE = YES;
				CLANG_WARN__DUPLICATE_METHOD_MATCH = YES;
				"CODE_SIGN_IDENTITY[sdk=iphoneos*]" = "iPhone Developer";
				COPY_PHASE_STRIP = NO;
				DEBUG_INFORMATION_FORMAT = "dwarf-with-dsym";
				ENABLE_NS_ASSERTIONS = NO;
				ENABLE_STRICT_OBJC_MSGSEND = YES;
				GCC_C_LANGUAGE_STANDARD = gnu99;
				GCC_NO_COMMON_BLOCKS = YES;
				GCC_WARN_64_TO_32_BIT_CONVERSION = YES;
				GCC_WARN_ABOUT_RETURN_TYPE = YES_ERROR;
				GCC_WARN_UNDECLARED_SELECTOR = YES;
				GCC_WARN_UNINITIALIZED_AUTOS = YES_AGGRESSIVE;
				GCC_WARN_UNUSED_FUNCTION = YES;
				GCC_WARN_UNUSED_VARIABLE = YES;
				IPHONEOS_DEPLOYMENT_TARGET = 10.2;
				MTL_ENABLE_DEBUG_INFO = NO;
				SDKROOT = iphoneos;
				SWIFT_OPTIMIZATION_LEVEL = "-Owholemodule";
				TARGETED_DEVICE_FAMILY = "1,2";
				VALIDATE_PRODUCT = YES;
			};
			name = Release;
		};
		6EF6920A1EA89F1B000221C3 /* Debug */ = {
			isa = XCBuildConfiguration;
			baseConfigurationReference = A0DAC10D13F52D05BB5414ED /* Pods-IOSlogin2.debug.xcconfig */;
			buildSettings = {
				ASSETCATALOG_COMPILER_APPICON_NAME = AppIcon;
				DEVELOPMENT_TEAM = T8CQ5BHLU4;
				INFOPLIST_FILE = IOSlogin2/Info.plist;
				LD_RUNPATH_SEARCH_PATHS = "$(inherited) @executable_path/Frameworks";
				PRODUCT_BUNDLE_IDENTIFIER = com.jorge.IOSlogin2;
				PRODUCT_NAME = "$(TARGET_NAME)";
				SWIFT_VERSION = 3.0;
			};
			name = Debug;
		};
		6EF6920B1EA89F1B000221C3 /* Release */ = {
			isa = XCBuildConfiguration;
			baseConfigurationReference = 6B28F01360D8CF6D91EA08FA /* Pods-IOSlogin2.release.xcconfig */;
			buildSettings = {
				ASSETCATALOG_COMPILER_APPICON_NAME = AppIcon;
				DEVELOPMENT_TEAM = T8CQ5BHLU4;
				INFOPLIST_FILE = IOSlogin2/Info.plist;
				LD_RUNPATH_SEARCH_PATHS = "$(inherited) @executable_path/Frameworks";
				PRODUCT_BUNDLE_IDENTIFIER = com.jorge.IOSlogin2;
				PRODUCT_NAME = "$(TARGET_NAME)";
				SWIFT_VERSION = 3.0;
			};
			name = Release;
		};
		6EF6920D1EA89F1B000221C3 /* Debug */ = {
			isa = XCBuildConfiguration;
			baseConfigurationReference = C625B2A514847A86F35C878B /* Pods-IOSlogin2Tests.debug.xcconfig */;
			buildSettings = {
				ALWAYS_EMBED_SWIFT_STANDARD_LIBRARIES = YES;
				BUNDLE_LOADER = "$(TEST_HOST)";
				DEVELOPMENT_TEAM = T8CQ5BHLU4;
				INFOPLIST_FILE = IOSlogin2Tests/Info.plist;
				LD_RUNPATH_SEARCH_PATHS = "$(inherited) @executable_path/Frameworks @loader_path/Frameworks";
				PRODUCT_BUNDLE_IDENTIFIER = com.jorge.IOSlogin2Tests;
				PRODUCT_NAME = "$(TARGET_NAME)";
				SWIFT_VERSION = 3.0;
				TEST_HOST = "$(BUILT_PRODUCTS_DIR)/IOSlogin2.app/IOSlogin2";
			};
			name = Debug;
		};
		6EF6920E1EA89F1B000221C3 /* Release */ = {
			isa = XCBuildConfiguration;
			baseConfigurationReference = A0A6751829A17CBD680D491E /* Pods-IOSlogin2Tests.release.xcconfig */;
			buildSettings = {
				ALWAYS_EMBED_SWIFT_STANDARD_LIBRARIES = YES;
				BUNDLE_LOADER = "$(TEST_HOST)";
				DEVELOPMENT_TEAM = T8CQ5BHLU4;
				INFOPLIST_FILE = IOSlogin2Tests/Info.plist;
				LD_RUNPATH_SEARCH_PATHS = "$(inherited) @executable_path/Frameworks @loader_path/Frameworks";
				PRODUCT_BUNDLE_IDENTIFIER = com.jorge.IOSlogin2Tests;
				PRODUCT_NAME = "$(TARGET_NAME)";
				SWIFT_VERSION = 3.0;
				TEST_HOST = "$(BUILT_PRODUCTS_DIR)/IOSlogin2.app/IOSlogin2";
			};
			name = Release;
		};
		6EF692101EA89F1B000221C3 /* Debug */ = {
			isa = XCBuildConfiguration;
			baseConfigurationReference = E257A654B536936036C055E9 /* Pods-IOSlogin2UITests.debug.xcconfig */;
			buildSettings = {
				ALWAYS_EMBED_SWIFT_STANDARD_LIBRARIES = YES;
				DEVELOPMENT_TEAM = T8CQ5BHLU4;
				INFOPLIST_FILE = IOSlogin2UITests/Info.plist;
				LD_RUNPATH_SEARCH_PATHS = "$(inherited) @executable_path/Frameworks @loader_path/Frameworks";
				PRODUCT_BUNDLE_IDENTIFIER = com.jorge.IOSlogin2UITests;
				PRODUCT_NAME = "$(TARGET_NAME)";
				SWIFT_VERSION = 3.0;
				TEST_TARGET_NAME = IOSlogin2;
			};
			name = Debug;
		};
		6EF692111EA89F1B000221C3 /* Release */ = {
			isa = XCBuildConfiguration;
			baseConfigurationReference = 1590E9CF09E1B79C39AE9921 /* Pods-IOSlogin2UITests.release.xcconfig */;
			buildSettings = {
				ALWAYS_EMBED_SWIFT_STANDARD_LIBRARIES = YES;
				DEVELOPMENT_TEAM = T8CQ5BHLU4;
				INFOPLIST_FILE = IOSlogin2UITests/Info.plist;
				LD_RUNPATH_SEARCH_PATHS = "$(inherited) @executable_path/Frameworks @loader_path/Frameworks";
				PRODUCT_BUNDLE_IDENTIFIER = com.jorge.IOSlogin2UITests;
				PRODUCT_NAME = "$(TARGET_NAME)";
				SWIFT_VERSION = 3.0;
				TEST_TARGET_NAME = IOSlogin2;
			};
			name = Release;
		};
/* End XCBuildConfiguration section */

/* Begin XCConfigurationList section */
		6EF691DC1EA89F1B000221C3 /* Build configuration list for PBXProject "IOSlogin2" */ = {
			isa = XCConfigurationList;
			buildConfigurations = (
				6EF692071EA89F1B000221C3 /* Debug */,
				6EF692081EA89F1B000221C3 /* Release */,
			);
			defaultConfigurationIsVisible = 0;
			defaultConfigurationName = Release;
		};
		6EF692091EA89F1B000221C3 /* Build configuration list for PBXNativeTarget "IOSlogin2" */ = {
			isa = XCConfigurationList;
			buildConfigurations = (
				6EF6920A1EA89F1B000221C3 /* Debug */,
				6EF6920B1EA89F1B000221C3 /* Release */,
			);
			defaultConfigurationIsVisible = 0;
		};
		6EF6920C1EA89F1B000221C3 /* Build configuration list for PBXNativeTarget "IOSlogin2Tests" */ = {
			isa = XCConfigurationList;
			buildConfigurations = (
				6EF6920D1EA89F1B000221C3 /* Debug */,
				6EF6920E1EA89F1B000221C3 /* Release */,
			);
			defaultConfigurationIsVisible = 0;
		};
		6EF6920F1EA89F1B000221C3 /* Build configuration list for PBXNativeTarget "IOSlogin2UITests" */ = {
			isa = XCConfigurationList;
			buildConfigurations = (
				6EF692101EA89F1B000221C3 /* Debug */,
				6EF692111EA89F1B000221C3 /* Release */,
			);
			defaultConfigurationIsVisible = 0;
		};
/* End XCConfigurationList section */
	};
	rootObject = 6EF691D91EA89F1B000221C3 /* Project object */;
}
